
Microsoft Visual Studio Solution File, Format Version 12.00
# Visual Studio Version 17
VisualStudioVersion = 17.2.32630.192
MinimumVisualStudioVersion = 10.0.40219.1
Project("{9A19103F-16F7-4668-BE54-9A1E7A4F7556}") = "POO", "POO\POO.csproj", "{CACBE426-D98F-4912-A84E-224C26D82F64}"
EndProject
Global
	GlobalSection(SolutionConfigurationPlatforms) = preSolution
		Debug|Any CPU = Debug|Any CPU
		Release|Any CPU = Release|Any CPU
	EndGlobalSection
	GlobalSection(ProjectConfigurationPlatforms) = postSolution
		{CACBE426-D98F-4912-A84E-224C26D82F64}.Debug|Any CPU.ActiveCfg = Debug|Any CPU
		{CACBE426-D98F-4912-A84E-224C26D82F64}.Debug|Any CPU.Build.0 = Debug|Any CPU
		{CACBE426-D98F-4912-A84E-224C26D82F64}.Release|Any CPU.ActiveCfg = Release|Any CPU
		{CACBE426-D98F-4912-A84E-224C26D82F64}.Release|Any CPU.Build.0 = Release|Any CPU
	EndGlobalSection
	GlobalSection(SolutionProperties) = preSolution
		HideSolutionNode = FALSE
	EndGlobalSection
	GlobalSection(ExtensibilityGlobals) = postSolution
		SolutionGuid = {FFE88FA8-76BC-4F57-99A9-5E35004935F2}
	EndGlobalSection
EndGlobal
